
Microsoft Visual Studio Solution File, Format Version 12.00
# Visual Studio 2013
VisualStudioVersion = 12.0.21005.1
MinimumVisualStudioVersion = 10.0.40219.1
Project("{2150E333-8FDC-42A3-9474-1A3956D46DE8}") = "03 - Expressions And IQueryable", "03 - Expressions And IQueryable", "{B66249EC-75FA-42CD-8757-11EFEEBC58F1}"
EndProject
Project("{FAE04EC0-301F-11D3-BF4B-00C04F79EFBC}") = "Expressions", "03 - Expressions and IQueryable\Expressions\Expressions.csproj", "{8672E9C1-9ABA-45EA-BD03-8B9F884589CF}"
EndProject
Project("{FAE04EC0-301F-11D3-BF4B-00C04F79EFBC}") = "IQueryable", "03 - Expressions and IQueryable\IQueryable\IQueryable.csproj", "{30464A25-0953-4C02-83A9-E3BFCA4B0EE0}"
EndProject
Project("{2150E333-8FDC-42A3-9474-1A3956D46DE8}") = "05 - Unmanaged And COM", "05 - Unmanaged And COM", "{440D0F00-BCA6-4908-94D2-3F2F714FE6BF}"
EndProject
Project("{FAE04EC0-301F-11D3-BF4B-00C04F79EFBC}") = "PowerManagement", "05 - Unmanaged and COM\PowerManagement\PowerManagement.csproj", "{5C051988-868C-489D-BBAD-D3B7B629BE41}"
EndProject
Project("{FAE04EC0-301F-11D3-BF4B-00C04F79EFBC}") = "PowerManagement.Tests", "05 - Unmanaged and COM\PowerManagement.Tests\PowerManagement.Tests.csproj", "{84F119F5-F21E-4E8B-A7EB-CCB6606A4332}"
EndProject
Project("{2150E333-8FDC-42A3-9474-1A3956D46DE8}") = "08 - Message Queues", "08 - Message Queues", "{8E397D4F-0706-419E-A09B-14B212D6CB72}"
EndProject
Project("{2150E333-8FDC-42A3-9474-1A3956D46DE8}") = "DocumentProcessor", "DocumentProcessor", "{FAA68F50-7EFC-4BDF-9D9A-0B8D24AF01C3}"
EndProject
Project("{FAE04EC0-301F-11D3-BF4B-00C04F79EFBC}") = "DocumentProcessor.Core", "08 - Message Queues\DocumentProcessor\DocumentProcessor.Core\DocumentProcessor.Core.csproj", "{A0A17443-9AAA-4FF3-A8A0-2A0D5E0271AC}"
EndProject
Project("{FAE04EC0-301F-11D3-BF4B-00C04F79EFBC}") = "DocumentProcessor.FileService", "08 - Message Queues\DocumentProcessor\DocumentProcessor.FileService\DocumentProcessor.FileService.csproj", "{759F4042-A226-4BA6-99BA-132654A2CD36}"
EndProject
Project("{FAE04EC0-301F-11D3-BF4B-00C04F79EFBC}") = "DocumentProcessor.ProcessorService", "08 - Message Queues\DocumentProcessor\DocumentProcessor.ProcessorService\DocumentProcessor.ProcessorService.csproj", "{2EEF1F71-96CF-451B-BC74-B72C30E0925F}"
EndProject
Project("{2150E333-8FDC-42A3-9474-1A3956D46DE8}") = "09 - Custom Serialization", "09 - Custom Serialization", "{EF3CAB39-99CF-447A-89CA-3A9C2099AC63}"
EndProject
Project("{FAE04EC0-301F-11D3-BF4B-00C04F79EFBC}") = "CustomSerialization", "09 - Custom Serialization\CustomSerialization\CustomSerialization.csproj", "{01109D89-8577-45DD-8114-2C9696EBB143}"
EndProject
Project("{2150E333-8FDC-42A3-9474-1A3956D46DE8}") = "10 - Advanced XML", "10 - Advanced XML", "{062E0720-8C6A-4B9D-926E-B1CCDF9C214A}"
EndProject
Project("{FAE04EC0-301F-11D3-BF4B-00C04F79EFBC}") = "XsdVerify", "10 - Advanced XML\XsdVerify\XsdVerify.csproj", "{92E8196E-8416-43BD-AD8B-DD7C4D674ED5}"
EndProject
Project("{FAE04EC0-301F-11D3-BF4B-00C04F79EFBC}") = "XsltTransform", "10 - Advanced XML\XsltTransform\XsltTransform.csproj", "{A89CFCC2-2A1B-4F32-A81F-72104EE02FC9}"
EndProject
Global
	GlobalSection(SolutionConfigurationPlatforms) = preSolution
		Debug|Any CPU = Debug|Any CPU
		Release|Any CPU = Release|Any CPU
	EndGlobalSection
	GlobalSection(ProjectConfigurationPlatforms) = postSolution
		{8672E9C1-9ABA-45EA-BD03-8B9F884589CF}.Debug|Any CPU.ActiveCfg = Debug|Any CPU
		{8672E9C1-9ABA-45EA-BD03-8B9F884589CF}.Debug|Any CPU.Build.0 = Debug|Any CPU
		{8672E9C1-9ABA-45EA-BD03-8B9F884589CF}.Release|Any CPU.ActiveCfg = Release|Any CPU
		{8672E9C1-9ABA-45EA-BD03-8B9F884589CF}.Release|Any CPU.Build.0 = Release|Any CPU
		{30464A25-0953-4C02-83A9-E3BFCA4B0EE0}.Debug|Any CPU.ActiveCfg = Debug|Any CPU
		{30464A25-0953-4C02-83A9-E3BFCA4B0EE0}.Debug|Any CPU.Build.0 = Debug|Any CPU
		{30464A25-0953-4C02-83A9-E3BFCA4B0EE0}.Release|Any CPU.ActiveCfg = Release|Any CPU
		{30464A25-0953-4C02-83A9-E3BFCA4B0EE0}.Release|Any CPU.Build.0 = Release|Any CPU
		{5C051988-868C-489D-BBAD-D3B7B629BE41}.Debug|Any CPU.ActiveCfg = Debug|Any CPU
		{5C051988-868C-489D-BBAD-D3B7B629BE41}.Debug|Any CPU.Build.0 = Debug|Any CPU
		{5C051988-868C-489D-BBAD-D3B7B629BE41}.Release|Any CPU.ActiveCfg = Release|Any CPU
		{5C051988-868C-489D-BBAD-D3B7B629BE41}.Release|Any CPU.Build.0 = Release|Any CPU
		{84F119F5-F21E-4E8B-A7EB-CCB6606A4332}.Debug|Any CPU.ActiveCfg = Debug|Any CPU
		{84F119F5-F21E-4E8B-A7EB-CCB6606A4332}.Debug|Any CPU.Build.0 = Debug|Any CPU
		{84F119F5-F21E-4E8B-A7EB-CCB6606A4332}.Release|Any CPU.ActiveCfg = Release|Any CPU
		{84F119F5-F21E-4E8B-A7EB-CCB6606A4332}.Release|Any CPU.Build.0 = Release|Any CPU
		{A0A17443-9AAA-4FF3-A8A0-2A0D5E0271AC}.Debug|Any CPU.ActiveCfg = Debug|Any CPU
		{A0A17443-9AAA-4FF3-A8A0-2A0D5E0271AC}.Debug|Any CPU.Build.0 = Debug|Any CPU
		{A0A17443-9AAA-4FF3-A8A0-2A0D5E0271AC}.Release|Any CPU.ActiveCfg = Release|Any CPU
		{A0A17443-9AAA-4FF3-A8A0-2A0D5E0271AC}.Release|Any CPU.Build.0 = Release|Any CPU
		{759F4042-A226-4BA6-99BA-132654A2CD36}.Debug|Any CPU.ActiveCfg = Debug|Any CPU
		{759F4042-A226-4BA6-99BA-132654A2CD36}.Debug|Any CPU.Build.0 = Debug|Any CPU
		{759F4042-A226-4BA6-99BA-132654A2CD36}.Release|Any CPU.ActiveCfg = Release|Any CPU
		{759F4042-A226-4BA6-99BA-132654A2CD36}.Release|Any CPU.Build.0 = Release|Any CPU
		{2EEF1F71-96CF-451B-BC74-B72C30E0925F}.Debug|Any CPU.ActiveCfg = Debug|Any CPU
		{2EEF1F71-96CF-451B-BC74-B72C30E0925F}.Debug|Any CPU.Build.0 = Debug|Any CPU
		{2EEF1F71-96CF-451B-BC74-B72C30E0925F}.Release|Any CPU.ActiveCfg = Release|Any CPU
		{2EEF1F71-96CF-451B-BC74-B72C30E0925F}.Release|Any CPU.Build.0 = Release|Any CPU
		{01109D89-8577-45DD-8114-2C9696EBB143}.Debug|Any CPU.ActiveCfg = Debug|Any CPU
		{01109D89-8577-45DD-8114-2C9696EBB143}.Debug|Any CPU.Build.0 = Debug|Any CPU
		{01109D89-8577-45DD-8114-2C9696EBB143}.Release|Any CPU.ActiveCfg = Release|Any CPU
		{01109D89-8577-45DD-8114-2C9696EBB143}.Release|Any CPU.Build.0 = Release|Any CPU
		{92E8196E-8416-43BD-AD8B-DD7C4D674ED5}.Debug|Any CPU.ActiveCfg = Debug|Any CPU
		{92E8196E-8416-43BD-AD8B-DD7C4D674ED5}.Debug|Any CPU.Build.0 = Debug|Any CPU
		{92E8196E-8416-43BD-AD8B-DD7C4D674ED5}.Release|Any CPU.ActiveCfg = Release|Any CPU
		{92E8196E-8416-43BD-AD8B-DD7C4D674ED5}.Release|Any CPU.Build.0 = Release|Any CPU
		{A89CFCC2-2A1B-4F32-A81F-72104EE02FC9}.Debug|Any CPU.ActiveCfg = Debug|Any CPU
		{A89CFCC2-2A1B-4F32-A81F-72104EE02FC9}.Debug|Any CPU.Build.0 = Debug|Any CPU
		{A89CFCC2-2A1B-4F32-A81F-72104EE02FC9}.Release|Any CPU.ActiveCfg = Release|Any CPU
		{A89CFCC2-2A1B-4F32-A81F-72104EE02FC9}.Release|Any CPU.Build.0 = Release|Any CPU
	EndGlobalSection
	GlobalSection(SolutionProperties) = preSolution
		HideSolutionNode = FALSE
	EndGlobalSection
	GlobalSection(NestedProjects) = preSolution
		{8672E9C1-9ABA-45EA-BD03-8B9F884589CF} = {B66249EC-75FA-42CD-8757-11EFEEBC58F1}
		{30464A25-0953-4C02-83A9-E3BFCA4B0EE0} = {B66249EC-75FA-42CD-8757-11EFEEBC58F1}
		{5C051988-868C-489D-BBAD-D3B7B629BE41} = {440D0F00-BCA6-4908-94D2-3F2F714FE6BF}
		{84F119F5-F21E-4E8B-A7EB-CCB6606A4332} = {440D0F00-BCA6-4908-94D2-3F2F714FE6BF}
		{FAA68F50-7EFC-4BDF-9D9A-0B8D24AF01C3} = {8E397D4F-0706-419E-A09B-14B212D6CB72}
		{A0A17443-9AAA-4FF3-A8A0-2A0D5E0271AC} = {FAA68F50-7EFC-4BDF-9D9A-0B8D24AF01C3}
		{759F4042-A226-4BA6-99BA-132654A2CD36} = {FAA68F50-7EFC-4BDF-9D9A-0B8D24AF01C3}
		{2EEF1F71-96CF-451B-BC74-B72C30E0925F} = {FAA68F50-7EFC-4BDF-9D9A-0B8D24AF01C3}
		{01109D89-8577-45DD-8114-2C9696EBB143} = {EF3CAB39-99CF-447A-89CA-3A9C2099AC63}
		{92E8196E-8416-43BD-AD8B-DD7C4D674ED5} = {062E0720-8C6A-4B9D-926E-B1CCDF9C214A}
		{A89CFCC2-2A1B-4F32-A81F-72104EE02FC9} = {062E0720-8C6A-4B9D-926E-B1CCDF9C214A}
	EndGlobalSection
EndGlobal
